
Microsoft Visual Studio Solution File, Format Version 12.00
# Visual Studio Version 17
VisualStudioVersion = 17.9.34728.123
MinimumVisualStudioVersion = 10.0.40219.1
Project("{FAE04EC0-301F-11D3-BF4B-00C04F79EFBC}") = "Assignment6.1.1", "Assignment6.1.1.csproj", "{1499A4DC-1CB2-4AA0-B7FA-4AE2B07A1A1E}"
EndProject
Global
	GlobalSection(SolutionConfigurationPlatforms) = preSolution
		Debug|Any CPU = Debug|Any CPU
		Release|Any CPU = Release|Any CPU
	EndGlobalSection
	GlobalSection(ProjectConfigurationPlatforms) = postSolution
		{1499A4DC-1CB2-4AA0-B7FA-4AE2B07A1A1E}.Debug|Any CPU.ActiveCfg = Debug|Any CPU
		{1499A4DC-1CB2-4AA0-B7FA-4AE2B07A1A1E}.Debug|Any CPU.Build.0 = Debug|Any CPU
		{1499A4DC-1CB2-4AA0-B7FA-4AE2B07A1A1E}.Release|Any CPU.ActiveCfg = Release|Any CPU
		{1499A4DC-1CB2-4AA0-B7FA-4AE2B07A1A1E}.Release|Any CPU.Build.0 = Release|Any CPU
	EndGlobalSection
	GlobalSection(SolutionProperties) = preSolution
		HideSolutionNode = FALSE
	EndGlobalSection
	GlobalSection(ExtensibilityGlobals) = postSolution
		SolutionGuid = {FA6892D9-5673-4621-8AF3-F2C2911DF0FF}
	EndGlobalSection
EndGlobal
